
Microsoft Visual Studio Solution File, Format Version 12.00
# Visual Studio Version 17
VisualStudioVersion = 17.14.36414.22 d17.14
MinimumVisualStudioVersion = 10.0.40219.1
Project("{FAE04EC0-301F-11D3-BF4B-00C04F79EFBC}") = "N4UQuoteGeneratorAashik", "N4UQuoteGeneratorAashik\N4UQuoteGeneratorAashik.csproj", "{B08C4E07-7995-4A15-A85C-EF7BBCE97C82}"
EndProject
Global
	GlobalSection(SolutionConfigurationPlatforms) = preSolution
		Debug|Any CPU = Debug|Any CPU
		Release|Any CPU = Release|Any CPU
	EndGlobalSection
	GlobalSection(ProjectConfigurationPlatforms) = postSolution
		{B08C4E07-7995-4A15-A85C-EF7BBCE97C82}.Debug|Any CPU.ActiveCfg = Debug|Any CPU
		{B08C4E07-7995-4A15-A85C-EF7BBCE97C82}.Debug|Any CPU.Build.0 = Debug|Any CPU
		{B08C4E07-7995-4A15-A85C-EF7BBCE97C82}.Release|Any CPU.ActiveCfg = Release|Any CPU
		{B08C4E07-7995-4A15-A85C-EF7BBCE97C82}.Release|Any CPU.Build.0 = Release|Any CPU
	EndGlobalSection
	GlobalSection(SolutionProperties) = preSolution
		HideSolutionNode = FALSE
	EndGlobalSection
	GlobalSection(ExtensibilityGlobals) = postSolution
		SolutionGuid = {9E781517-3322-4F76-9DAE-C1E7521B96B8}
	EndGlobalSection
EndGlobal
